// !$*UTF8*$!
{
	archiveVersion = 1;
	classes = {
	};
	objectVersion = 50;
	objects = {

/* Begin PBXBuildFile section */
		8CB7BFEC2196D98C00321ED1 /* AppDelegate.swift in Sources */ = {isa = PBXBuildFile; fileRef = 8CB7BFEB2196D98C00321ED1 /* AppDelegate.swift */; };
		8CB7BFEE2196D98C00321ED1 /* ViewController.swift in Sources */ = {isa = PBXBuildFile; fileRef = 8CB7BFED2196D98C00321ED1 /* ViewController.swift */; };
		8CB7BFF12196D98C00321ED1 /* Main.storyboard in Resources */ = {isa = PBXBuildFile; fileRef = 8CB7BFEF2196D98C00321ED1 /* Main.storyboard */; };
		8CB7BFF32196D98C00321ED1 /* Assets.xcassets in Resources */ = {isa = PBXBuildFile; fileRef = 8CB7BFF22196D98C00321ED1 /* Assets.xcassets */; };
		8CB7BFF62196D98C00321ED1 /* LaunchScreen.storyboard in Resources */ = {isa = PBXBuildFile; fileRef = 8CB7BFF42196D98C00321ED1 /* LaunchScreen.storyboard */; };
		8CB7BFFE2196FE5000321ED1 /* RatingControl.swift in Sources */ = {isa = PBXBuildFile; fileRef = 8CB7BFFD2196FE5000321ED1 /* RatingControl.swift */; };
		8CB7C0102197359F00321ED1 /* FoodTrackerTests.swift in Sources */ = {isa = PBXBuildFile; fileRef = 8CB7C00521971CA500321ED1 /* FoodTrackerTests.swift */; };
		8CB7C011219735A300321ED1 /* Meal.swift in Sources */ = {isa = PBXBuildFile; fileRef = 8CB7C00D2197356100321ED1 /* Meal.swift */; };
/* End PBXBuildFile section */

/* Begin PBXContainerItemProxy section */
		8CB7C00821971CA500321ED1 /* PBXContainerItemProxy */ = {
			isa = PBXContainerItemProxy;
			containerPortal = 8CB7BFE02196D98C00321ED1 /* Project object */;
			proxyType = 1;
			remoteGlobalIDString = 8CB7BFE72196D98C00321ED1;
			remoteInfo = FoodTracker;
		};
/* End PBXContainerItemProxy section */

/* Begin PBXFileReference section */
		8CB7BFE82196D98C00321ED1 /* FoodTracker.app */ = {isa = PBXFileReference; explicitFileType = wrapper.application; includeInIndex = 0; path = FoodTracker.app; sourceTree = BUILT_PRODUCTS_DIR; };
		8CB7BFEB2196D98C00321ED1 /* AppDelegate.swift */ = {isa = PBXFileReference; lastKnownFileType = sourcecode.swift; path = AppDelegate.swift; sourceTree = "<group>"; };
		8CB7BFED2196D98C00321ED1 /* ViewController.swift */ = {isa = PBXFileReference; lastKnownFileType = sourcecode.swift; path = ViewController.swift; sourceTree = "<group>"; };
		8CB7BFF02196D98C00321ED1 /* Base */ = {isa = PBXFileReference; lastKnownFileType = file.storyboard; name = Base; path = Base.lproj/Main.storyboard; sourceTree = "<group>"; };
		8CB7BFF22196D98C00321ED1 /* Assets.xcassets */ = {isa = PBXFileReference; lastKnownFileType = folder.assetcatalog; path = Assets.xcassets; sourceTree = "<group>"; };
		8CB7BFF52196D98C00321ED1 /* Base */ = {isa = PBXFileReference; lastKnownFileType = file.storyboard; name = Base; path = Base.lproj/LaunchScreen.storyboard; sourceTree = "<group>"; };
		8CB7BFF72196D98C00321ED1 /* Info.plist */ = {isa = PBXFileReference; lastKnownFileType = text.plist.xml; path = Info.plist; sourceTree = "<group>"; };
		8CB7BFFD2196FE5000321ED1 /* RatingControl.swift */ = {isa = PBXFileReference; lastKnownFileType = sourcecode.swift; path = RatingControl.swift; sourceTree = "<group>"; };
		8CB7C00321971CA500321ED1 /* FoodTrackerTests.xctest */ = {isa = PBXFileReference; explicitFileType = wrapper.cfbundle; includeInIndex = 0; path = FoodTrackerTests.xctest; sourceTree = BUILT_PRODUCTS_DIR; };
		8CB7C00521971CA500321ED1 /* FoodTrackerTests.swift */ = {isa = PBXFileReference; lastKnownFileType = sourcecode.swift; path = FoodTrackerTests.swift; sourceTree = "<group>"; };
		8CB7C00721971CA500321ED1 /* Info.plist */ = {isa = PBXFileReference; lastKnownFileType = text.plist.xml; path = Info.plist; sourceTree = "<group>"; };
		8CB7C00D2197356100321ED1 /* Meal.swift */ = {isa = PBXFileReference; lastKnownFileType = sourcecode.swift; path = Meal.swift; sourceTree = "<group>"; };
/* End PBXFileReference section */

/* Begin PBXFrameworksBuildPhase section */
		8CB7BFE52196D98C00321ED1 /* Frameworks */ = {
			isa = PBXFrameworksBuildPhase;
			buildActionMask = 2147483647;
			files = (
			);
			runOnlyForDeploymentPostprocessing = 0;
		};
		8CB7C00021971CA500321ED1 /* Frameworks */ = {
			isa = PBXFrameworksBuildPhase;
			buildActionMask = 2147483647;
			files = (
			);
			runOnlyForDeploymentPostprocessing = 0;
		};
/* End PBXFrameworksBuildPhase section */

/* Begin PBXGroup section */
		8CB7BFDF2196D98C00321ED1 = {
			isa = PBXGroup;
			children = (
				8CB7BFEA2196D98C00321ED1 /* FoodTracker */,
				8CB7C00421971CA500321ED1 /* FoodTrackerTests */,
				8CB7BFE92196D98C00321ED1 /* Products */,
			);
			sourceTree = "<group>";
		};
		8CB7BFE92196D98C00321ED1 /* Products */ = {
			isa = PBXGroup;
			children = (
				8CB7BFE82196D98C00321ED1 /* FoodTracker.app */,
				8CB7C00321971CA500321ED1 /* FoodTrackerTests.xctest */,
			);
			name = Products;
			sourceTree = "<group>";
		};
		8CB7BFEA2196D98C00321ED1 /* FoodTracker */ = {
			isa = PBXGroup;
			children = (
				8CB7BFEB2196D98C00321ED1 /* AppDelegate.swift */,
				8CB7BFED2196D98C00321ED1 /* ViewController.swift */,
				8CB7BFEF2196D98C00321ED1 /* Main.storyboard */,
				8CB7BFF22196D98C00321ED1 /* Assets.xcassets */,
				8CB7BFF42196D98C00321ED1 /* LaunchScreen.storyboard */,
				8CB7BFF72196D98C00321ED1 /* Info.plist */,
				8CB7BFFD2196FE5000321ED1 /* RatingControl.swift */,
				8CB7C00D2197356100321ED1 /* Meal.swift */,
			);
			path = FoodTracker;
			sourceTree = "<group>";
		};
		8CB7C00421971CA500321ED1 /* FoodTrackerTests */ = {
			isa = PBXGroup;
			children = (
				8CB7C00521971CA500321ED1 /* FoodTrackerTests.swift */,
				8CB7C00721971CA500321ED1 /* Info.plist */,
			);
			path = FoodTrackerTests;
			sourceTree = "<group>";
		};
/* End PBXGroup section */

/* Begin PBXNativeTarget section */
		8CB7BFE72196D98C00321ED1 /* FoodTracker */ = {
			isa = PBXNativeTarget;
			buildConfigurationList = 8CB7BFFA2196D98C00321ED1 /* Build configuration list for PBXNativeTarget "FoodTracker" */;
			buildPhases = (
				8CB7BFE42196D98C00321ED1 /* Sources */,
				8CB7BFE52196D98C00321ED1 /* Frameworks */,
				8CB7BFE62196D98C00321ED1 /* Resources */,
			);
			buildRules = (
			);
			dependencies = (
			);
			name = FoodTracker;
			productName = FoodTracker;
			productReference = 8CB7BFE82196D98C00321ED1 /* FoodTracker.app */;
			productType = "com.apple.product-type.application";
		};
		8CB7C00221971CA500321ED1 /* FoodTrackerTests */ = {
			isa = PBXNativeTarget;
			buildConfigurationList = 8CB7C00C21971CA500321ED1 /* Build configuration list for PBXNativeTarget "FoodTrackerTests" */;
			buildPhases = (
				8CB7BFFF21971CA500321ED1 /* Sources */,
				8CB7C00021971CA500321ED1 /* Frameworks */,
				8CB7C00121971CA500321ED1 /* Resources */,
			);
			buildRules = (
			);
			dependencies = (
				8CB7C00921971CA500321ED1 /* PBXTargetDependency */,
			);
			name = FoodTrackerTests;
			productName = FoodTrackerTests;
			productReference = 8CB7C00321971CA500321ED1 /* FoodTrackerTests.xctest */;
			productType = "com.apple.product-type.bundle.unit-test";
		};
/* End PBXNativeTarget section */

/* Begin PBXProject section */
		8CB7BFE02196D98C00321ED1 /* Project object */ = {
			isa = PBXProject;
			attributes = {
				LastSwiftUpdateCheck = 1010;
				LastUpgradeCheck = 1010;
				ORGANIZATIONNAME = "Stanimir Hristov";
				TargetAttributes = {
					8CB7BFE72196D98C00321ED1 = {
						CreatedOnToolsVersion = 10.1;
					};
					8CB7C00221971CA500321ED1 = {
						CreatedOnToolsVersion = 10.1;
						TestTargetID = 8CB7BFE72196D98C00321ED1;
					};
				};
			};
			buildConfigurationList = 8CB7BFE32196D98C00321ED1 /* Build configuration list for PBXProject "FoodTracker" */;
			compatibilityVersion = "Xcode 9.3";
			developmentRegion = en;
			hasScannedForEncodings = 0;
			knownRegions = (
				en,
				Base,
			);
			mainGroup = 8CB7BFDF2196D98C00321ED1;
			productRefGroup = 8CB7BFE92196D98C00321ED1 /* Products */;
			projectDirPath = "";
			projectRoot = "";
			targets = (
				8CB7BFE72196D98C00321ED1 /* FoodTracker */,
				8CB7C00221971CA500321ED1 /* FoodTrackerTests */,
			);
		};
/* End PBXProject section */

/* Begin PBXResourcesBuildPhase section */
		8CB7BFE62196D98C00321ED1 /* Resources */ = {
			isa = PBXResourcesBuildPhase;
			buildActionMask = 2147483647;
			files = (
				8CB7BFF62196D98C00321ED1 /* LaunchScreen.storyboard in Resources */,
				8CB7BFF32196D98C00321ED1 /* Assets.xcassets in Resources */,
				8CB7BFF12196D98C00321ED1 /* Main.storyboard in Resources */,
			);
			runOnlyForDeploymentPostprocessing = 0;
		};
		8CB7C00121971CA500321ED1 /* Resources */ = {
			isa = PBXResourcesBuildPhase;
			buildActionMask = 2147483647;
			files = (
			);
			runOnlyForDeploymentPostprocessing = 0;
		};
/* End PBXResourcesBuildPhase section */

/* Begin PBXSourcesBuildPhase section */
		8CB7BFE42196D98C00321ED1 /* Sources */ = {
			isa = PBXSourcesBuildPhase;
			buildActionMask = 2147483647;
			files = (
				8CB7C011219735A300321ED1 /* Meal.swift in Sources */,
				8CB7BFEE2196D98C00321ED1 /* ViewController.swift in Sources */,
				8CB7BFFE2196FE5000321ED1 /* RatingControl.swift in Sources */,
				8CB7BFEC2196D98C00321ED1 /* AppDelegate.swift in Sources */,
			);
			runOnlyForDeploymentPostprocessing = 0;
		};
		8CB7BFFF21971CA500321ED1 /* Sources */ = {
			isa = PBXSourcesBuildPhase;
			buildActionMask = 2147483647;
			files = (
				8CB7C0102197359F00321ED1 /* FoodTrackerTests.swift in Sources */,
			);
			runOnlyForDeploymentPostprocessing = 0;
		};
/* End PBXSourcesBuildPhase section */

/* Begin PBXTargetDependency section */
		8CB7C00921971CA500321ED1 /* PBXTargetDependency */ = {
			isa = PBXTargetDependency;
			target = 8CB7BFE72196D98C00321ED1 /* FoodTracker */;
			targetProxy = 8CB7C00821971CA500321ED1 /* PBXContainerItemProxy */;
		};
/* End PBXTargetDependency section */

/* Begin PBXVariantGroup section */
		8CB7BFEF2196D98C00321ED1 /* Main.storyboard */ = {
			isa = PBXVariantGroup;
			children = (
				8CB7BFF02196D98C00321ED1 /* Base */,
			);
			name = Main.storyboard;
			sourceTree = "<group>";
		};
		8CB7BFF42196D98C00321ED1 /* LaunchScreen.storyboard */ = {
			isa = PBXVariantGroup;
			children = (
				8CB7BFF52196D98C00321ED1 /* Base */,
			);
			name = LaunchScreen.storyboard;
			sourceTree = "<group>";
		};
/* End PBXVariantGroup section */

/* Begin XCBuildConfiguration section */
		8CB7BFF82196D98C00321ED1 /* Debug */ = {
			isa = XCBuildConfiguration;
			buildSettings = {
				ALWAYS_SEARCH_USER_PATHS = NO;
				CLANG_ANALYZER_NONNULL = YES;
				CLANG_ANALYZER_NUMBER_OBJECT_CONVERSION = YES_AGGRESSIVE;
				CLANG_CXX_LANGUAGE_STANDARD = "gnu++14";
				CLANG_CXX_LIBRARY = "libc++";
				CLANG_ENABLE_MODULES = YES;
				CLANG_ENABLE_OBJC_ARC = YES;
				CLANG_ENABLE_OBJC_WEAK = YES;
				CLANG_WARN_BLOCK_CAPTURE_AUTORELEASING = YES;
				CLANG_WARN_BOOL_CONVERSION = YES;
				CLANG_WARN_COMMA = YES;
				CLANG_WARN_CONSTANT_CONVERSION = YES;
				CLANG_WARN_DEPRECATED_OBJC_IMPLEMENTATIONS = YES;
				CLANG_WARN_DIRECT_OBJC_ISA_USAGE = YES_ERROR;
				CLANG_WARN_DOCUMENTATION_COMMENTS = YES;
				CLANG_WARN_EMPTY_BODY = YES;
				CLANG_WARN_ENUM_CONVERSION = YES;
				CLANG_WARN_INFINITE_RECURSION = YES;
				CLANG_WARN_INT_CONVERSION = YES;
				CLANG_WARN_NON_LITERAL_NULL_CONVERSION = YES;
				CLANG_WARN_OBJC_IMPLICIT_RETAIN_SELF = YES;
				CLANG_WARN_OBJC_LITERAL_CONVERSION = YES;
				CLANG_WARN_OBJC_ROOT_CLASS = YES_ERROR;
				CLANG_WARN_RANGE_LOOP_ANALYSIS = YES;
				CLANG_WARN_STRICT_PROTOTYPES = YES;
				CLANG_WARN_SUSPICIOUS_MOVE = YES;
				CLANG_WARN_UNGUARDED_AVAILABILITY = YES_AGGRESSIVE;
				CLANG_WARN_UNREACHABLE_CODE = YES;
				CLANG_WARN__DUPLICATE_METHOD_MATCH = YES;
				CODE_SIGN_IDENTITY = "iPhone Developer";
				COPY_PHASE_STRIP = NO;
				DEBUG_INFORMATION_FORMAT = dwarf;
				ENABLE_STRICT_OBJC_MSGSEND = YES;
				ENABLE_TESTABILITY = YES;
				GCC_C_LANGUAGE_STANDARD = gnu11;
				GCC_DYNAMIC_NO_PIC = NO;
				GCC_NO_COMMON_BLOCKS = YES;
				GCC_OPTIMIZATION_LEVEL = 0;
				GCC_PREPROCESSOR_DEFINITIONS = (
					"DEBUG=1",
					"$(inherited)",
				);
				GCC_WARN_64_TO_32_BIT_CONVERSION = YES;
				GCC_WARN_ABOUT_RETURN_TYPE = YES_ERROR;
				GCC_WARN_UNDECLARED_SELECTOR = YES;
				GCC_WARN_UNINITIALIZED_AUTOS = YES_AGGRESSIVE;
				GCC_WARN_UNUSED_FUNCTION = YES;
				GCC_WARN_UNUSED_VARIABLE = YES;
				IPHONEOS_DEPLOYMENT_TARGET = 12.1;
				MTL_ENABLE_DEBUG_INFO = INCLUDE_SOURCE;
				MTL_FAST_MATH = YES;
				ONLY_ACTIVE_ARCH = YES;
				SDKROOT = iphoneos;
				SWIFT_ACTIVE_COMPILATION_CONDITIONS = DEBUG;
				SWIFT_OPTIMIZATION_LEVEL = "-Onone";
			};
			name = Debug;
		};
		8CB7BFF92196D98C00321ED1 /* Release */ = {
			isa = XCBuildConfiguration;
			buildSettings = {
				ALWAYS_SEARCH_USER_PATHS = NO;
				CLANG_ANALYZER_NONNULL = YES;
				CLANG_ANALYZER_NUMBER_OBJECT_CONVERSION = YES_AGGRESSIVE;
				CLANG_CXX_LANGUAGE_STANDARD = "gnu++14";
				CLANG_CXX_LIBRARY = "libc++";
				CLANG_ENABLE_MODULES = YES;
				CLANG_ENABLE_OBJC_ARC = YES;
				CLANG_ENABLE_OBJC_WEAK = YES;
				CLANG_WARN_BLOCK_CAPTURE_AUTORELEASING = YES;
				CLANG_WARN_BOOL_CONVERSION = YES;
				CLANG_WARN_COMMA = YES;
				CLANG_WARN_CONSTANT_CONVERSION = YES;
				CLANG_WARN_DEPRECATED_OBJC_IMPLEMENTATIONS = YES;
				CLANG_WARN_DIRECT_OBJC_ISA_USAGE = YES_ERROR;
				CLANG_WARN_DOCUMENTATION_COMMENTS = YES;
				CLANG_WARN_EMPTY_BODY = YES;
				CLANG_WARN_ENUM_CONVERSION = YES;
				CLANG_WARN_INFINITE_RECURSION = YES;
				CLANG_WARN_INT_CONVERSION = YES;
				CLANG_WARN_NON_LITERAL_NULL_CONVERSION = YES;
				CLANG_WARN_OBJC_IMPLICIT_RETAIN_SELF = YES;
				CLANG_WARN_OBJC_LITERAL_CONVERSION = YES;
				CLANG_WARN_OBJC_ROOT_CLASS = YES_ERROR;
				CLANG_WARN_RANGE_LOOP_ANALYSIS = YES;
				CLANG_WARN_STRICT_PROTOTYPES = YES;
				CLANG_WARN_SUSPICIOUS_MOVE = YES;
				CLANG_WARN_UNGUARDED_AVAILABILITY = YES_AGGRESSIVE;
				CLANG_WARN_UNREACHABLE_CODE = YES;
				CLANG_WARN__DUPLICATE_METHOD_MATCH = YES;
				CODE_SIGN_IDENTITY = "iPhone Developer";
				COPY_PHASE_STRIP = NO;
				DEBUG_INFORMATION_FORMAT = "dwarf-with-dsym";
				ENABLE_NS_ASSERTIONS = NO;
				ENABLE_STRICT_OBJC_MSGSEND = YES;
				GCC_C_LANGUAGE_STANDARD = gnu11;
				GCC_NO_COMMON_BLOCKS = YES;
				GCC_WARN_64_TO_32_BIT_CONVERSION = YES;
				GCC_WARN_ABOUT_RETURN_TYPE = YES_ERROR;
				GCC_WARN_UNDECLARED_SELECTOR = YES;
				GCC_WARN_UNINITIALIZED_AUTOS = YES_AGGRESSIVE;
				GCC_WARN_UNUSED_FUNCTION = YES;
				GCC_WARN_UNUSED_VARIABLE = YES;
				IPHONEOS_DEPLOYMENT_TARGET = 12.1;
				MTL_ENABLE_DEBUG_INFO = NO;
				MTL_FAST_MATH = YES;
				SDKROOT = iphoneos;
				SWIFT_COMPILATION_MODE = wholemodule;
				SWIFT_OPTIMIZATION_LEVEL = "-O";
				VALIDATE_PRODUCT = YES;
			};
			name = Release;
		};
		8CB7BFFB2196D98C00321ED1 /* Debug */ = {
			isa = XCBuildConfiguration;
			buildSettings = {
				ASSETCATALOG_COMPILER_APPICON_NAME = AppIcon;
				CODE_SIGN_STYLE = Automatic;
				DEVELOPMENT_TEAM = 2L24TQ8W95;
				INFOPLIST_FILE = FoodTracker/Info.plist;
				LD_RUNPATH_SEARCH_PATHS = (
					"$(inherited)",
					"@executable_path/Frameworks",
				);
				PRODUCT_BUNDLE_IDENTIFIER = com.FMI.stanihristov.FoodTracker;
				PRODUCT_NAME = "$(TARGET_NAME)";
				SWIFT_VERSION = 4.2;
				TARGETED_DEVICE_FAMILY = "1,2";
			};
			name = Debug;
		};
		8CB7BFFC2196D98C00321ED1 /* Release */ = {
			isa = XCBuildConfiguration;
			buildSettings = {
				ASSETCATALOG_COMPILER_APPICON_NAME = AppIcon;
				CODE_SIGN_STYLE = Automatic;
				DEVELOPMENT_TEAM = 2L24TQ8W95;
				INFOPLIST_FILE = FoodTracker/Info.plist;
				LD_RUNPATH_SEARCH_PATHS = (
					"$(inherited)",
					"@executable_path/Frameworks",
				);
				PRODUCT_BUNDLE_IDENTIFIER = com.FMI.stanihristov.FoodTracker;
				PRODUCT_NAME = "$(TARGET_NAME)";
				SWIFT_VERSION = 4.2;
				TARGETED_DEVICE_FAMILY = "1,2";
			};
			name = Release;
		};
		8CB7C00A21971CA500321ED1 /* Debug */ = {
			isa = XCBuildConfiguration;
			buildSettings = {
				BUNDLE_LOADER = "$(TEST_HOST)";
				CODE_SIGN_STYLE = Automatic;
				DEVELOPMENT_TEAM = 2L24TQ8W95;
				INFOPLIST_FILE = FoodTrackerTests/Info.plist;
				LD_RUNPATH_SEARCH_PATHS = (
					"$(inherited)",
					"@executable_path/Frameworks",
					"@loader_path/Frameworks",
				);
				PRODUCT_BUNDLE_IDENTIFIER = com.FMI.stanihristov.FoodTrackerTests;
				PRODUCT_NAME = "$(TARGET_NAME)";
				SWIFT_VERSION = 4.2;
				TARGETED_DEVICE_FAMILY = "1,2";
				TEST_HOST = "$(BUILT_PRODUCTS_DIR)/FoodTracker.app/FoodTracker";
			};
			name = Debug;
		};
		8CB7C00B21971CA500321ED1 /* Release */ = {
			isa = XCBuildConfiguration;
			buildSettings = {
				BUNDLE_LOADER = "$(TEST_HOST)";
				CODE_SIGN_STYLE = Automatic;
				DEVELOPMENT_TEAM = 2L24TQ8W95;
				INFOPLIST_FILE = FoodTrackerTests/Info.plist;
				LD_RUNPATH_SEARCH_PATHS = (
					"$(inherited)",
					"@executable_path/Frameworks",
					"@loader_path/Frameworks",
				);
				PRODUCT_BUNDLE_IDENTIFIER = com.FMI.stanihristov.FoodTrackerTests;
				PRODUCT_NAME = "$(TARGET_NAME)";
				SWIFT_VERSION = 4.2;
				TARGETED_DEVICE_FAMILY = "1,2";
				TEST_HOST = "$(BUILT_PRODUCTS_DIR)/FoodTracker.app/FoodTracker";
			};
			name = Release;
		};
/* End XCBuildConfiguration section */

/* Begin XCConfigurationList section */
		8CB7BFE32196D98C00321ED1 /* Build configuration list for PBXProject "FoodTracker" */ = {
			isa = XCConfigurationList;
			buildConfigurations = (
				8CB7BFF82196D98C00321ED1 /* Debug */,
				8CB7BFF92196D98C00321ED1 /* Release */,
			);
			defaultConfigurationIsVisible = 0;
			defaultConfigurationName = Release;
		};
		8CB7BFFA2196D98C00321ED1 /* Build configuration list for PBXNativeTarget "FoodTracker" */ = {
			isa = XCConfigurationList;
			buildConfigurations = (
				8CB7BFFB2196D98C00321ED1 /* Debug */,
				8CB7BFFC2196D98C00321ED1 /* Release */,
			);
			defaultConfigurationIsVisible = 0;
			defaultConfigurationName = Release;
		};
		8CB7C00C21971CA500321ED1 /* Build configuration list for PBXNativeTarget "FoodTrackerTests" */ = {
			isa = XCConfigurationList;
			buildConfigurations = (
				8CB7C00A21971CA500321ED1 /* Debug */,
				8CB7C00B21971CA500321ED1 /* Release */,
			);
			defaultConfigurationIsVisible = 0;
			defaultConfigurationName = Release;
		};
/* End XCConfigurationList section */
	};
	rootObject = 8CB7BFE02196D98C00321ED1 /* Project object */;
}
